
Microsoft Visual Studio Solution File, Format Version 12.00
# Visual Studio 2013
VisualStudioVersion = 12.0.21005.1
MinimumVisualStudioVersion = 10.0.40219.1
Project("{FAE04EC0-301F-11D3-BF4B-00C04F79EFBC}") = "sgdevtest", "sgdevtest\sgdevtest.csproj", "{382C6639-6792-4E4C-9146-930BF4E41EF1}"
EndProject
Project("{FAE04EC0-301F-11D3-BF4B-00C04F79EFBC}") = "sgdal", "sgdal\sgdal.csproj", "{47EFE1B7-C3DA-4C41-B38D-0C8156E6FBBD}"
EndProject
Global
	GlobalSection(SolutionConfigurationPlatforms) = preSolution
		Debug|Any CPU = Debug|Any CPU
		Release|Any CPU = Release|Any CPU
	EndGlobalSection
	GlobalSection(ProjectConfigurationPlatforms) = postSolution
		{382C6639-6792-4E4C-9146-930BF4E41EF1}.Debug|Any CPU.ActiveCfg = Debug|Any CPU
		{382C6639-6792-4E4C-9146-930BF4E41EF1}.Debug|Any CPU.Build.0 = Debug|Any CPU
		{382C6639-6792-4E4C-9146-930BF4E41EF1}.Release|Any CPU.ActiveCfg = Release|Any CPU
		{382C6639-6792-4E4C-9146-930BF4E41EF1}.Release|Any CPU.Build.0 = Release|Any CPU
		{47EFE1B7-C3DA-4C41-B38D-0C8156E6FBBD}.Debug|Any CPU.ActiveCfg = Debug|Any CPU
		{47EFE1B7-C3DA-4C41-B38D-0C8156E6FBBD}.Debug|Any CPU.Build.0 = Debug|Any CPU
		{47EFE1B7-C3DA-4C41-B38D-0C8156E6FBBD}.Release|Any CPU.ActiveCfg = Release|Any CPU
		{47EFE1B7-C3DA-4C41-B38D-0C8156E6FBBD}.Release|Any CPU.Build.0 = Release|Any CPU
	EndGlobalSection
	GlobalSection(SolutionProperties) = preSolution
		HideSolutionNode = FALSE
	EndGlobalSection
EndGlobal
